{
  "nodes": {
    "flake-utils": {
      "locked": {
        "lastModified": 1659877975,
        "narHash": "sha256-zllb8aq3YO3h8B/U0/J1WBgAL8EX5yWf5pMj3G0NAmc=",
        "owner": "numtide",
        "repo": "flake-utils",
        "rev": "c0e246b9b83f637f4681389ecabcb2681b4f3af0",
        "type": "github"
      },
      "original": {
        "owner": "numtide",
        "repo": "flake-utils",
        "type": "github"
      }
    },
    "home-manager": {
      "inputs": {
        "nixpkgs": [
          "nixpkgs"
        ],
        "utils": [
          "flake-utils"
        ]
      },
      "locked": {
        "lastModified": 1664286632,
        "narHash": "sha256-fKENvLanhmBENlIbmDAVB8SKSbwdLLBYKu6B7oJ0rLc=",
        "owner": "nix-community",
        "repo": "home-manager",
        "rev": "6dc8a43f397c92afbc3f771385ac803d96d5eeb5",
        "type": "github"
      },
      "original": {
        "owner": "nix-community",
        "repo": "home-manager",
        "type": "github"
      }
    },
    "impermanence": {
      "locked": {
        "lastModified": 1661933071,
        "narHash": "sha256-RFgfzldpbCvS+H2qwH+EvNejvqs+NhPVD5j1I7HQQPY=",
        "owner": "nix-community",
        "repo": "impermanence",
        "rev": "def994adbdfc28974e87b0e4c949e776207d5557",
        "type": "github"
      },
      "original": {
        "owner": "nix-community",
        "repo": "impermanence",
        "type": "github"
      }
    },
    "nixpkgs": {
      "locked": {
        "lastModified": 1664324903,
        "narHash": "sha256-CTMKU5JCA3M4VaAVXGVQpchvGc8Yj2Ym2wXOlJPcZyk=",
        "owner": "nixos",
        "repo": "nixpkgs",
        "rev": "0c3649a83a3f484aa8328157b0facb36435135e1",
        "type": "github"
      },
      "original": {
        "owner": "nixos",
        "ref": "nixos-unstable-small",
        "repo": "nixpkgs",
        "type": "github"
      }
    },
    "nixpkgs-22_05": {
      "locked": {
        "lastModified": 1664201777,
        "narHash": "sha256-cUW9DqELUNi1jNMwVSbfq4yl5YGyOfeu+UHUUImbby0=",
        "owner": "NixOS",
        "repo": "nixpkgs",
        "rev": "00f877f4927b6f7d7b75731b5a1e2ae7324eaf14",
        "type": "github"
      },
      "original": {
        "owner": "NixOS",
        "ref": "release-22.05",
        "repo": "nixpkgs",
        "type": "github"
      }
    },
    "root": {
      "inputs": {
        "flake-utils": "flake-utils",
        "home-manager": "home-manager",
        "impermanence": "impermanence",
        "nixpkgs": "nixpkgs",
        "sops-nix": "sops-nix"
      }
    },
    "sops-nix": {
      "inputs": {
        "nixpkgs": [
          "nixpkgs"
        ],
        "nixpkgs-22_05": "nixpkgs-22_05"
      },
      "locked": {
        "lastModified": 1664204020,
        "narHash": "sha256-LAey3hr8b9EAt3n304Wt9Vm4uQFd8pSRtLX8leuYFDs=",
        "owner": "Mic92",
        "repo": "sops-nix",
        "rev": "912f9ff41fd9353dec1f783170793699789fe9aa",
        "type": "github"
      },
      "original": {
        "owner": "Mic92",
        "repo": "sops-nix",
        "type": "github"
      }
    }
  },
  "root": "root",
  "version": 7
}
